
Microsoft Visual Studio Solution File, Format Version 12.00
# Visual Studio Version 17
VisualStudioVersion = 17.3.32901.215
MinimumVisualStudioVersion = 10.0.40219.1
Project("{FAE04EC0-301F-11D3-BF4B-00C04F79EFBC}") = "tortiki 5 pract", "tortiki 5 pract.csproj", "{ED42EEBA-097A-418C-82CD-2012A6ABD747}"
EndProject
Global
	GlobalSection(SolutionConfigurationPlatforms) = preSolution
		Debug|Any CPU = Debug|Any CPU
		Release|Any CPU = Release|Any CPU
	EndGlobalSection
	GlobalSection(ProjectConfigurationPlatforms) = postSolution
		{ED42EEBA-097A-418C-82CD-2012A6ABD747}.Debug|Any CPU.ActiveCfg = Debug|Any CPU
		{ED42EEBA-097A-418C-82CD-2012A6ABD747}.Debug|Any CPU.Build.0 = Debug|Any CPU
		{ED42EEBA-097A-418C-82CD-2012A6ABD747}.Release|Any CPU.ActiveCfg = Release|Any CPU
		{ED42EEBA-097A-418C-82CD-2012A6ABD747}.Release|Any CPU.Build.0 = Release|Any CPU
	EndGlobalSection
	GlobalSection(SolutionProperties) = preSolution
		HideSolutionNode = FALSE
	EndGlobalSection
	GlobalSection(ExtensibilityGlobals) = postSolution
		SolutionGuid = {4689DA84-9DEF-43B0-B7FC-23CEA37D536E}
	EndGlobalSection
EndGlobal
